
Microsoft Visual Studio Solution File, Format Version 12.00
# Visual Studio Version 17
VisualStudioVersion = 17.9.34902.65
MinimumVisualStudioVersion = 10.0.40219.1
Project("{FAE04EC0-301F-11D3-BF4B-00C04F79EFBC}") = "Smart Credit", "Smart Credit.csproj", "{590C26EF-CE72-416C-8CAC-72F33590780A}"
EndProject
Global
	GlobalSection(SolutionConfigurationPlatforms) = preSolution
		Debug|Any CPU = Debug|Any CPU
		Release|Any CPU = Release|Any CPU
	EndGlobalSection
	GlobalSection(ProjectConfigurationPlatforms) = postSolution
		{590C26EF-CE72-416C-8CAC-72F33590780A}.Debug|Any CPU.ActiveCfg = Debug|Any CPU
		{590C26EF-CE72-416C-8CAC-72F33590780A}.Debug|Any CPU.Build.0 = Debug|Any CPU
		{590C26EF-CE72-416C-8CAC-72F33590780A}.Release|Any CPU.ActiveCfg = Release|Any CPU
		{590C26EF-CE72-416C-8CAC-72F33590780A}.Release|Any CPU.Build.0 = Release|Any CPU
	EndGlobalSection
	GlobalSection(SolutionProperties) = preSolution
		HideSolutionNode = FALSE
	EndGlobalSection
	GlobalSection(ExtensibilityGlobals) = postSolution
		SolutionGuid = {943B25AB-A70B-4581-9969-519E5271BEC0}
	EndGlobalSection
EndGlobal
